
Microsoft Visual Studio Solution File, Format Version 12.00
Project("{FAE04EC0-301F-11D3-BF4B-00C04F79EFBC}") = "NetReactProjectBackEnd", "NetReactProjectBackEnd\NetReactProjectBackEnd.csproj", "{215D308C-A3DE-4F21-BD07-AD8C89948A28}"
EndProject
Global
	GlobalSection(SolutionConfigurationPlatforms) = preSolution
		Debug|Any CPU = Debug|Any CPU
		Release|Any CPU = Release|Any CPU
	EndGlobalSection
	GlobalSection(ProjectConfigurationPlatforms) = postSolution
		{215D308C-A3DE-4F21-BD07-AD8C89948A28}.Debug|Any CPU.ActiveCfg = Debug|Any CPU
		{215D308C-A3DE-4F21-BD07-AD8C89948A28}.Debug|Any CPU.Build.0 = Debug|Any CPU
		{215D308C-A3DE-4F21-BD07-AD8C89948A28}.Release|Any CPU.ActiveCfg = Release|Any CPU
		{215D308C-A3DE-4F21-BD07-AD8C89948A28}.Release|Any CPU.Build.0 = Release|Any CPU
	EndGlobalSection
EndGlobal
